// !$*UTF8*$!
{
	archiveVersion = 1;
	classes = {
	};
	objectVersion = 50;
	objects = {

/* Begin PBXBuildFile section */
		53A2085222EB636E00878F68 /* AppDelegate.swift in Sources */ = {isa = PBXBuildFile; fileRef = 53A2085122EB636E00878F68 /* AppDelegate.swift */; };
		53A2085922EB636F00878F68 /* Assets.xcassets in Resources */ = {isa = PBXBuildFile; fileRef = 53A2085822EB636F00878F68 /* Assets.xcassets */; };
		53A2085C22EB636F00878F68 /* LaunchScreen.storyboard in Resources */ = {isa = PBXBuildFile; fileRef = 53A2085A22EB636F00878F68 /* LaunchScreen.storyboard */; };
		53A2086722EB637000878F68 /* Test_iOSTests.swift in Sources */ = {isa = PBXBuildFile; fileRef = 53A2086622EB637000878F68 /* Test_iOSTests.swift */; };
		53B4F29C22EB65C50028B29F /* ResultOutput.swift in Sources */ = {isa = PBXBuildFile; fileRef = 53B4F29B22EB65C50028B29F /* ResultOutput.swift */; };
		53B4F29E22EB66D10028B29F /* APIEndpoint.swift in Sources */ = {isa = PBXBuildFile; fileRef = 53B4F29D22EB66D10028B29F /* APIEndpoint.swift */; };
		53B4F2A022EB6A450028B29F /* APISupportTypes.swift in Sources */ = {isa = PBXBuildFile; fileRef = 53B4F29F22EB6A450028B29F /* APISupportTypes.swift */; };
		53B4F2A222EB6AC00028B29F /* API.swift in Sources */ = {isa = PBXBuildFile; fileRef = 53B4F2A122EB6AC00028B29F /* API.swift */; };
		53B4F2A422EC3D5F0028B29F /* CellConfigurator.swift in Sources */ = {isa = PBXBuildFile; fileRef = 53B4F2A322EC3D5F0028B29F /* CellConfigurator.swift */; };
		53B4F2A722EC3DCF0028B29F /* TableViewDataSoruce.swift in Sources */ = {isa = PBXBuildFile; fileRef = 53B4F2A622EC3DCF0028B29F /* TableViewDataSoruce.swift */; };
		53B4F2A922EC3E010028B29F /* TableViewModel.swift in Sources */ = {isa = PBXBuildFile; fileRef = 53B4F2A822EC3E010028B29F /* TableViewModel.swift */; };
		53B4F2B022EC42410028B29F /* TableViewController.swift in Sources */ = {isa = PBXBuildFile; fileRef = 53B4F2AE22EC42410028B29F /* TableViewController.swift */; };
		53B4F2B122EC42410028B29F /* TableViewController.xib in Resources */ = {isa = PBXBuildFile; fileRef = 53B4F2AF22EC42410028B29F /* TableViewController.xib */; };
		53B4F2B622EC4C500028B29F /* TestCell.swift in Sources */ = {isa = PBXBuildFile; fileRef = 53B4F2B422EC4C500028B29F /* TestCell.swift */; };
		53B4F2C922ECA55B0028B29F /* LoadingHandler.swift in Sources */ = {isa = PBXBuildFile; fileRef = 53B4F2C822ECA55B0028B29F /* LoadingHandler.swift */; };
		53B4F2CE22ECABA60028B29F /* DateExtensions.swift in Sources */ = {isa = PBXBuildFile; fileRef = 53B4F2CD22ECABA60028B29F /* DateExtensions.swift */; };
		53B4F2D322ECF8930028B29F /* EventsProtocols.swift in Sources */ = {isa = PBXBuildFile; fileRef = 53B4F2D222ECF8930028B29F /* EventsProtocols.swift */; };
		53B4F2D522ECF9CF0028B29F /* EventsService.swift in Sources */ = {isa = PBXBuildFile; fileRef = 53B4F2D422ECF9CF0028B29F /* EventsService.swift */; };
		53B4F2D722ECFBBD0028B29F /* EventsPresenter.swift in Sources */ = {isa = PBXBuildFile; fileRef = 53B4F2D622ECFBBD0028B29F /* EventsPresenter.swift */; };
		53B4F2D922ED69080028B29F /* EventsViewController.swift in Sources */ = {isa = PBXBuildFile; fileRef = 53B4F2D822ED69080028B29F /* EventsViewController.swift */; };
		53B4F2DB22ED6B630028B29F /* EventsRouter.swift in Sources */ = {isa = PBXBuildFile; fileRef = 53B4F2DA22ED6B630028B29F /* EventsRouter.swift */; };
		53B4F2DF22ED6E780028B29F /* EventsTableViewCell.swift in Sources */ = {isa = PBXBuildFile; fileRef = 53B4F2DD22ED6E780028B29F /* EventsTableViewCell.swift */; };
		53B4F2E022ED6E780028B29F /* EventsTableViewCell.xib in Resources */ = {isa = PBXBuildFile; fileRef = 53B4F2DE22ED6E780028B29F /* EventsTableViewCell.xib */; };
		53B4F2E222ED70CC0028B29F /* EventModel.swift in Sources */ = {isa = PBXBuildFile; fileRef = 53B4F2E122ED70CC0028B29F /* EventModel.swift */; };
		53B4F2E422EDE4360028B29F /* UIImageViewExtensions.swift in Sources */ = {isa = PBXBuildFile; fileRef = 53B4F2E322EDE4360028B29F /* UIImageViewExtensions.swift */; };
/* End PBXBuildFile section */

/* Begin PBXContainerItemProxy section */
		53A2086322EB637000878F68 /* PBXContainerItemProxy */ = {
			isa = PBXContainerItemProxy;
			containerPortal = 53A2084622EB636E00878F68 /* Project object */;
			proxyType = 1;
			remoteGlobalIDString = 53A2084D22EB636E00878F68;
			remoteInfo = "Test-iOS";
		};
/* End PBXContainerItemProxy section */

/* Begin PBXFileReference section */
		53A2084E22EB636E00878F68 /* Test-iOS.app */ = {isa = PBXFileReference; explicitFileType = wrapper.application; includeInIndex = 0; path = "Test-iOS.app"; sourceTree = BUILT_PRODUCTS_DIR; };
		53A2085122EB636E00878F68 /* AppDelegate.swift */ = {isa = PBXFileReference; lastKnownFileType = sourcecode.swift; path = AppDelegate.swift; sourceTree = "<group>"; };
		53A2085822EB636F00878F68 /* Assets.xcassets */ = {isa = PBXFileReference; lastKnownFileType = folder.assetcatalog; path = Assets.xcassets; sourceTree = "<group>"; };
		53A2085B22EB636F00878F68 /* Base */ = {isa = PBXFileReference; lastKnownFileType = file.storyboard; name = Base; path = Base.lproj/LaunchScreen.storyboard; sourceTree = "<group>"; };
		53A2085D22EB636F00878F68 /* Info.plist */ = {isa = PBXFileReference; lastKnownFileType = text.plist.xml; path = Info.plist; sourceTree = "<group>"; };
		53A2086222EB637000878F68 /* Test-iOSTests.xctest */ = {isa = PBXFileReference; explicitFileType = wrapper.cfbundle; includeInIndex = 0; path = "Test-iOSTests.xctest"; sourceTree = BUILT_PRODUCTS_DIR; };
		53A2086622EB637000878F68 /* Test_iOSTests.swift */ = {isa = PBXFileReference; lastKnownFileType = sourcecode.swift; path = Test_iOSTests.swift; sourceTree = "<group>"; };
		53A2086822EB637000878F68 /* Info.plist */ = {isa = PBXFileReference; lastKnownFileType = text.plist.xml; path = Info.plist; sourceTree = "<group>"; };
		53B4F29B22EB65C50028B29F /* ResultOutput.swift */ = {isa = PBXFileReference; lastKnownFileType = sourcecode.swift; path = ResultOutput.swift; sourceTree = "<group>"; };
		53B4F29D22EB66D10028B29F /* APIEndpoint.swift */ = {isa = PBXFileReference; lastKnownFileType = sourcecode.swift; path = APIEndpoint.swift; sourceTree = "<group>"; };
		53B4F29F22EB6A450028B29F /* APISupportTypes.swift */ = {isa = PBXFileReference; lastKnownFileType = sourcecode.swift; path = APISupportTypes.swift; sourceTree = "<group>"; };
		53B4F2A122EB6AC00028B29F /* API.swift */ = {isa = PBXFileReference; lastKnownFileType = sourcecode.swift; path = API.swift; sourceTree = "<group>"; };
		53B4F2A322EC3D5F0028B29F /* CellConfigurator.swift */ = {isa = PBXFileReference; lastKnownFileType = sourcecode.swift; path = CellConfigurator.swift; sourceTree = "<group>"; };
		53B4F2A622EC3DCF0028B29F /* TableViewDataSoruce.swift */ = {isa = PBXFileReference; lastKnownFileType = sourcecode.swift; path = TableViewDataSoruce.swift; sourceTree = "<group>"; };
		53B4F2A822EC3E010028B29F /* TableViewModel.swift */ = {isa = PBXFileReference; lastKnownFileType = sourcecode.swift; path = TableViewModel.swift; sourceTree = "<group>"; };
		53B4F2AE22EC42410028B29F /* TableViewController.swift */ = {isa = PBXFileReference; lastKnownFileType = sourcecode.swift; path = TableViewController.swift; sourceTree = "<group>"; };
		53B4F2AF22EC42410028B29F /* TableViewController.xib */ = {isa = PBXFileReference; lastKnownFileType = file.xib; path = TableViewController.xib; sourceTree = "<group>"; };
		53B4F2B422EC4C500028B29F /* TestCell.swift */ = {isa = PBXFileReference; lastKnownFileType = sourcecode.swift; path = TestCell.swift; sourceTree = "<group>"; };
		53B4F2C822ECA55B0028B29F /* LoadingHandler.swift */ = {isa = PBXFileReference; lastKnownFileType = sourcecode.swift; path = LoadingHandler.swift; sourceTree = "<group>"; };
		53B4F2CD22ECABA60028B29F /* DateExtensions.swift */ = {isa = PBXFileReference; lastKnownFileType = sourcecode.swift; path = DateExtensions.swift; sourceTree = "<group>"; };
		53B4F2D222ECF8930028B29F /* EventsProtocols.swift */ = {isa = PBXFileReference; lastKnownFileType = sourcecode.swift; path = EventsProtocols.swift; sourceTree = "<group>"; };
		53B4F2D422ECF9CF0028B29F /* EventsService.swift */ = {isa = PBXFileReference; lastKnownFileType = sourcecode.swift; path = EventsService.swift; sourceTree = "<group>"; };
		53B4F2D622ECFBBD0028B29F /* EventsPresenter.swift */ = {isa = PBXFileReference; lastKnownFileType = sourcecode.swift; path = EventsPresenter.swift; sourceTree = "<group>"; };
		53B4F2D822ED69080028B29F /* EventsViewController.swift */ = {isa = PBXFileReference; lastKnownFileType = sourcecode.swift; path = EventsViewController.swift; sourceTree = "<group>"; };
		53B4F2DA22ED6B630028B29F /* EventsRouter.swift */ = {isa = PBXFileReference; lastKnownFileType = sourcecode.swift; path = EventsRouter.swift; sourceTree = "<group>"; };
		53B4F2DD22ED6E780028B29F /* EventsTableViewCell.swift */ = {isa = PBXFileReference; lastKnownFileType = sourcecode.swift; path = EventsTableViewCell.swift; sourceTree = "<group>"; };
		53B4F2DE22ED6E780028B29F /* EventsTableViewCell.xib */ = {isa = PBXFileReference; lastKnownFileType = file.xib; path = EventsTableViewCell.xib; sourceTree = "<group>"; };
		53B4F2E122ED70CC0028B29F /* EventModel.swift */ = {isa = PBXFileReference; lastKnownFileType = sourcecode.swift; path = EventModel.swift; sourceTree = "<group>"; };
		53B4F2E322EDE4360028B29F /* UIImageViewExtensions.swift */ = {isa = PBXFileReference; lastKnownFileType = sourcecode.swift; path = UIImageViewExtensions.swift; sourceTree = "<group>"; };
/* End PBXFileReference section */

/* Begin PBXFrameworksBuildPhase section */
		53A2084B22EB636E00878F68 /* Frameworks */ = {
			isa = PBXFrameworksBuildPhase;
			buildActionMask = 2147483647;
			files = (
			);
			runOnlyForDeploymentPostprocessing = 0;
		};
		53A2085F22EB637000878F68 /* Frameworks */ = {
			isa = PBXFrameworksBuildPhase;
			buildActionMask = 2147483647;
			files = (
			);
			runOnlyForDeploymentPostprocessing = 0;
		};
/* End PBXFrameworksBuildPhase section */

/* Begin PBXGroup section */
		53A2084522EB636E00878F68 = {
			isa = PBXGroup;
			children = (
				53A2085022EB636E00878F68 /* Test-iOS */,
				53A2086522EB637000878F68 /* Test-iOSTests */,
				53A2084F22EB636E00878F68 /* Products */,
			);
			sourceTree = "<group>";
		};
		53A2084F22EB636E00878F68 /* Products */ = {
			isa = PBXGroup;
			children = (
				53A2084E22EB636E00878F68 /* Test-iOS.app */,
				53A2086222EB637000878F68 /* Test-iOSTests.xctest */,
			);
			name = Products;
			sourceTree = "<group>";
		};
		53A2085022EB636E00878F68 /* Test-iOS */ = {
			isa = PBXGroup;
			children = (
				53A2085D22EB636F00878F68 /* Info.plist */,
				53A2085122EB636E00878F68 /* AppDelegate.swift */,
				53B4F2D022ECF8060028B29F /* Features */,
				53B4F2CC22ECAB8A0028B29F /* Extensions */,
				53B4F2A522EC3D720028B29F /* GenericTableView */,
				53B4F2CA22ECA68D0028B29F /* Handlers */,
				53B4F29922EB652A0028B29F /* Network */,
				53B4F2CB22ECAB7D0028B29F /* Resources */,
			);
			path = "Test-iOS";
			sourceTree = "<group>";
		};
		53A2086522EB637000878F68 /* Test-iOSTests */ = {
			isa = PBXGroup;
			children = (
				53A2086622EB637000878F68 /* Test_iOSTests.swift */,
				53A2086822EB637000878F68 /* Info.plist */,
			);
			path = "Test-iOSTests";
			sourceTree = "<group>";
		};
		53B4F29922EB652A0028B29F /* Network */ = {
			isa = PBXGroup;
			children = (
				53B4F2CF22ECAC510028B29F /* Core */,
				53B4F29A22EB65AA0028B29F /* Output */,
			);
			path = Network;
			sourceTree = "<group>";
		};
		53B4F29A22EB65AA0028B29F /* Output */ = {
			isa = PBXGroup;
			children = (
				53B4F29B22EB65C50028B29F /* ResultOutput.swift */,
			);
			path = Output;
			sourceTree = "<group>";
		};
		53B4F2A522EC3D720028B29F /* GenericTableView */ = {
			isa = PBXGroup;
			children = (
				53B4F2A322EC3D5F0028B29F /* CellConfigurator.swift */,
				53B4F2A622EC3DCF0028B29F /* TableViewDataSoruce.swift */,
				53B4F2A822EC3E010028B29F /* TableViewModel.swift */,
				53B4F2AE22EC42410028B29F /* TableViewController.swift */,
				53B4F2AF22EC42410028B29F /* TableViewController.xib */,
				53B4F2B422EC4C500028B29F /* TestCell.swift */,
			);
			path = GenericTableView;
			sourceTree = "<group>";
		};
		53B4F2CA22ECA68D0028B29F /* Handlers */ = {
			isa = PBXGroup;
			children = (
				53B4F2C822ECA55B0028B29F /* LoadingHandler.swift */,
			);
			path = Handlers;
			sourceTree = "<group>";
		};
		53B4F2CB22ECAB7D0028B29F /* Resources */ = {
			isa = PBXGroup;
			children = (
				53A2085822EB636F00878F68 /* Assets.xcassets */,
				53A2085A22EB636F00878F68 /* LaunchScreen.storyboard */,
			);
			path = Resources;
			sourceTree = "<group>";
		};
		53B4F2CC22ECAB8A0028B29F /* Extensions */ = {
			isa = PBXGroup;
			children = (
				53B4F2CD22ECABA60028B29F /* DateExtensions.swift */,
				53B4F2E322EDE4360028B29F /* UIImageViewExtensions.swift */,
			);
			path = Extensions;
			sourceTree = "<group>";
		};
		53B4F2CF22ECAC510028B29F /* Core */ = {
			isa = PBXGroup;
			children = (
				53B4F29D22EB66D10028B29F /* APIEndpoint.swift */,
				53B4F29F22EB6A450028B29F /* APISupportTypes.swift */,
				53B4F2A122EB6AC00028B29F /* API.swift */,
			);
			path = Core;
			sourceTree = "<group>";
		};
		53B4F2D022ECF8060028B29F /* Features */ = {
			isa = PBXGroup;
			children = (
				53B4F2D122ECF8730028B29F /* Events */,
			);
			path = Features;
			sourceTree = "<group>";
		};
		53B4F2D122ECF8730028B29F /* Events */ = {
			isa = PBXGroup;
			children = (
				53B4F2DC22ED6E620028B29F /* Cell */,
				53B4F2E122ED70CC0028B29F /* EventModel.swift */,
				53B4F2D222ECF8930028B29F /* EventsProtocols.swift */,
				53B4F2D422ECF9CF0028B29F /* EventsService.swift */,
				53B4F2D622ECFBBD0028B29F /* EventsPresenter.swift */,
				53B4F2D822ED69080028B29F /* EventsViewController.swift */,
				53B4F2DA22ED6B630028B29F /* EventsRouter.swift */,
			);
			path = Events;
			sourceTree = "<group>";
		};
		53B4F2DC22ED6E620028B29F /* Cell */ = {
			isa = PBXGroup;
			children = (
				53B4F2DD22ED6E780028B29F /* EventsTableViewCell.swift */,
				53B4F2DE22ED6E780028B29F /* EventsTableViewCell.xib */,
			);
			path = Cell;
			sourceTree = "<group>";
		};
/* End PBXGroup section */

/* Begin PBXNativeTarget section */
		53A2084D22EB636E00878F68 /* Test-iOS */ = {
			isa = PBXNativeTarget;
			buildConfigurationList = 53A2086B22EB637000878F68 /* Build configuration list for PBXNativeTarget "Test-iOS" */;
			buildPhases = (
				53A2084A22EB636E00878F68 /* Sources */,
				53A2084B22EB636E00878F68 /* Frameworks */,
				53A2084C22EB636E00878F68 /* Resources */,
			);
			buildRules = (
			);
			dependencies = (
			);
			name = "Test-iOS";
			productName = "Test-iOS";
			productReference = 53A2084E22EB636E00878F68 /* Test-iOS.app */;
			productType = "com.apple.product-type.application";
		};
		53A2086122EB637000878F68 /* Test-iOSTests */ = {
			isa = PBXNativeTarget;
			buildConfigurationList = 53A2086E22EB637000878F68 /* Build configuration list for PBXNativeTarget "Test-iOSTests" */;
			buildPhases = (
				53A2085E22EB637000878F68 /* Sources */,
				53A2085F22EB637000878F68 /* Frameworks */,
				53A2086022EB637000878F68 /* Resources */,
			);
			buildRules = (
			);
			dependencies = (
				53A2086422EB637000878F68 /* PBXTargetDependency */,
			);
			name = "Test-iOSTests";
			productName = "Test-iOSTests";
			productReference = 53A2086222EB637000878F68 /* Test-iOSTests.xctest */;
			productType = "com.apple.product-type.bundle.unit-test";
		};
/* End PBXNativeTarget section */

/* Begin PBXProject section */
		53A2084622EB636E00878F68 /* Project object */ = {
			isa = PBXProject;
			attributes = {
				LastSwiftUpdateCheck = 1030;
				LastUpgradeCheck = 1030;
				ORGANIZATIONNAME = "Rafael Damasceno";
				TargetAttributes = {
					53A2084D22EB636E00878F68 = {
						CreatedOnToolsVersion = 10.3;
					};
					53A2086122EB637000878F68 = {
						CreatedOnToolsVersion = 10.3;
						TestTargetID = 53A2084D22EB636E00878F68;
					};
				};
			};
			buildConfigurationList = 53A2084922EB636E00878F68 /* Build configuration list for PBXProject "Test-iOS" */;
			compatibilityVersion = "Xcode 9.3";
			developmentRegion = en;
			hasScannedForEncodings = 0;
			knownRegions = (
				en,
				Base,
			);
			mainGroup = 53A2084522EB636E00878F68;
			productRefGroup = 53A2084F22EB636E00878F68 /* Products */;
			projectDirPath = "";
			projectRoot = "";
			targets = (
				53A2084D22EB636E00878F68 /* Test-iOS */,
				53A2086122EB637000878F68 /* Test-iOSTests */,
			);
		};
/* End PBXProject section */

/* Begin PBXResourcesBuildPhase section */
		53A2084C22EB636E00878F68 /* Resources */ = {
			isa = PBXResourcesBuildPhase;
			buildActionMask = 2147483647;
			files = (
				53B4F2E022ED6E780028B29F /* EventsTableViewCell.xib in Resources */,
				53A2085C22EB636F00878F68 /* LaunchScreen.storyboard in Resources */,
				53A2085922EB636F00878F68 /* Assets.xcassets in Resources */,
				53B4F2B122EC42410028B29F /* TableViewController.xib in Resources */,
			);
			runOnlyForDeploymentPostprocessing = 0;
		};
		53A2086022EB637000878F68 /* Resources */ = {
			isa = PBXResourcesBuildPhase;
			buildActionMask = 2147483647;
			files = (
			);
			runOnlyForDeploymentPostprocessing = 0;
		};
/* End PBXResourcesBuildPhase section */

/* Begin PBXSourcesBuildPhase section */
		53A2084A22EB636E00878F68 /* Sources */ = {
			isa = PBXSourcesBuildPhase;
			buildActionMask = 2147483647;
			files = (
				53B4F2B622EC4C500028B29F /* TestCell.swift in Sources */,
				53B4F2A022EB6A450028B29F /* APISupportTypes.swift in Sources */,
				53B4F29C22EB65C50028B29F /* ResultOutput.swift in Sources */,
				53B4F2B022EC42410028B29F /* TableViewController.swift in Sources */,
				53B4F2A722EC3DCF0028B29F /* TableViewDataSoruce.swift in Sources */,
				53B4F2CE22ECABA60028B29F /* DateExtensions.swift in Sources */,
				53B4F2DB22ED6B630028B29F /* EventsRouter.swift in Sources */,
				53B4F2D522ECF9CF0028B29F /* EventsService.swift in Sources */,
				53A2085222EB636E00878F68 /* AppDelegate.swift in Sources */,
				53B4F2A222EB6AC00028B29F /* API.swift in Sources */,
				53B4F2D922ED69080028B29F /* EventsViewController.swift in Sources */,
				53B4F2C922ECA55B0028B29F /* LoadingHandler.swift in Sources */,
				53B4F2A922EC3E010028B29F /* TableViewModel.swift in Sources */,
				53B4F2D722ECFBBD0028B29F /* EventsPresenter.swift in Sources */,
				53B4F2A422EC3D5F0028B29F /* CellConfigurator.swift in Sources */,
				53B4F2D322ECF8930028B29F /* EventsProtocols.swift in Sources */,
				53B4F2DF22ED6E780028B29F /* EventsTableViewCell.swift in Sources */,
				53B4F2E222ED70CC0028B29F /* EventModel.swift in Sources */,
				53B4F2E422EDE4360028B29F /* UIImageViewExtensions.swift in Sources */,
				53B4F29E22EB66D10028B29F /* APIEndpoint.swift in Sources */,
			);
			runOnlyForDeploymentPostprocessing = 0;
		};
		53A2085E22EB637000878F68 /* Sources */ = {
			isa = PBXSourcesBuildPhase;
			buildActionMask = 2147483647;
			files = (
				53A2086722EB637000878F68 /* Test_iOSTests.swift in Sources */,
			);
			runOnlyForDeploymentPostprocessing = 0;
		};
/* End PBXSourcesBuildPhase section */

/* Begin PBXTargetDependency section */
		53A2086422EB637000878F68 /* PBXTargetDependency */ = {
			isa = PBXTargetDependency;
			target = 53A2084D22EB636E00878F68 /* Test-iOS */;
			targetProxy = 53A2086322EB637000878F68 /* PBXContainerItemProxy */;
		};
/* End PBXTargetDependency section */

/* Begin PBXVariantGroup section */
		53A2085A22EB636F00878F68 /* LaunchScreen.storyboard */ = {
			isa = PBXVariantGroup;
			children = (
				53A2085B22EB636F00878F68 /* Base */,
			);
			name = LaunchScreen.storyboard;
			sourceTree = "<group>";
		};
/* End PBXVariantGroup section */

/* Begin XCBuildConfiguration section */
		53A2086922EB637000878F68 /* Debug */ = {
			isa = XCBuildConfiguration;
			buildSettings = {
				ALWAYS_SEARCH_USER_PATHS = NO;
				CLANG_ANALYZER_NONNULL = YES;
				CLANG_ANALYZER_NUMBER_OBJECT_CONVERSION = YES_AGGRESSIVE;
				CLANG_CXX_LANGUAGE_STANDARD = "gnu++14";
				CLANG_CXX_LIBRARY = "libc++";
				CLANG_ENABLE_MODULES = YES;
				CLANG_ENABLE_OBJC_ARC = YES;
				CLANG_ENABLE_OBJC_WEAK = YES;
				CLANG_WARN_BLOCK_CAPTURE_AUTORELEASING = YES;
				CLANG_WARN_BOOL_CONVERSION = YES;
				CLANG_WARN_COMMA = YES;
				CLANG_WARN_CONSTANT_CONVERSION = YES;
				CLANG_WARN_DEPRECATED_OBJC_IMPLEMENTATIONS = YES;
				CLANG_WARN_DIRECT_OBJC_ISA_USAGE = YES_ERROR;
				CLANG_WARN_DOCUMENTATION_COMMENTS = YES;
				CLANG_WARN_EMPTY_BODY = YES;
				CLANG_WARN_ENUM_CONVERSION = YES;
				CLANG_WARN_INFINITE_RECURSION = YES;
				CLANG_WARN_INT_CONVERSION = YES;
				CLANG_WARN_NON_LITERAL_NULL_CONVERSION = YES;
				CLANG_WARN_OBJC_IMPLICIT_RETAIN_SELF = YES;
				CLANG_WARN_OBJC_LITERAL_CONVERSION = YES;
				CLANG_WARN_OBJC_ROOT_CLASS = YES_ERROR;
				CLANG_WARN_RANGE_LOOP_ANALYSIS = YES;
				CLANG_WARN_STRICT_PROTOTYPES = YES;
				CLANG_WARN_SUSPICIOUS_MOVE = YES;
				CLANG_WARN_UNGUARDED_AVAILABILITY = YES_AGGRESSIVE;
				CLANG_WARN_UNREACHABLE_CODE = YES;
				CLANG_WARN__DUPLICATE_METHOD_MATCH = YES;
				CODE_SIGN_IDENTITY = "iPhone Developer";
				COPY_PHASE_STRIP = NO;
				DEBUG_INFORMATION_FORMAT = dwarf;
				ENABLE_STRICT_OBJC_MSGSEND = YES;
				ENABLE_TESTABILITY = YES;
				GCC_C_LANGUAGE_STANDARD = gnu11;
				GCC_DYNAMIC_NO_PIC = NO;
				GCC_NO_COMMON_BLOCKS = YES;
				GCC_OPTIMIZATION_LEVEL = 0;
				GCC_PREPROCESSOR_DEFINITIONS = (
					"DEBUG=1",
					"$(inherited)",
				);
				GCC_WARN_64_TO_32_BIT_CONVERSION = YES;
				GCC_WARN_ABOUT_RETURN_TYPE = YES_ERROR;
				GCC_WARN_UNDECLARED_SELECTOR = YES;
				GCC_WARN_UNINITIALIZED_AUTOS = YES_AGGRESSIVE;
				GCC_WARN_UNUSED_FUNCTION = YES;
				GCC_WARN_UNUSED_VARIABLE = YES;
				IPHONEOS_DEPLOYMENT_TARGET = 12.4;
				MTL_ENABLE_DEBUG_INFO = INCLUDE_SOURCE;
				MTL_FAST_MATH = YES;
				ONLY_ACTIVE_ARCH = YES;
				SDKROOT = iphoneos;
				SWIFT_ACTIVE_COMPILATION_CONDITIONS = DEBUG;
				SWIFT_OPTIMIZATION_LEVEL = "-Onone";
			};
			name = Debug;
		};
		53A2086A22EB637000878F68 /* Release */ = {
			isa = XCBuildConfiguration;
			buildSettings = {
				ALWAYS_SEARCH_USER_PATHS = NO;
				CLANG_ANALYZER_NONNULL = YES;
				CLANG_ANALYZER_NUMBER_OBJECT_CONVERSION = YES_AGGRESSIVE;
				CLANG_CXX_LANGUAGE_STANDARD = "gnu++14";
				CLANG_CXX_LIBRARY = "libc++";
				CLANG_ENABLE_MODULES = YES;
				CLANG_ENABLE_OBJC_ARC = YES;
				CLANG_ENABLE_OBJC_WEAK = YES;
				CLANG_WARN_BLOCK_CAPTURE_AUTORELEASING = YES;
				CLANG_WARN_BOOL_CONVERSION = YES;
				CLANG_WARN_COMMA = YES;
				CLANG_WARN_CONSTANT_CONVERSION = YES;
				CLANG_WARN_DEPRECATED_OBJC_IMPLEMENTATIONS = YES;
				CLANG_WARN_DIRECT_OBJC_ISA_USAGE = YES_ERROR;
				CLANG_WARN_DOCUMENTATION_COMMENTS = YES;
				CLANG_WARN_EMPTY_BODY = YES;
				CLANG_WARN_ENUM_CONVERSION = YES;
				CLANG_WARN_INFINITE_RECURSION = YES;
				CLANG_WARN_INT_CONVERSION = YES;
				CLANG_WARN_NON_LITERAL_NULL_CONVERSION = YES;
				CLANG_WARN_OBJC_IMPLICIT_RETAIN_SELF = YES;
				CLANG_WARN_OBJC_LITERAL_CONVERSION = YES;
				CLANG_WARN_OBJC_ROOT_CLASS = YES_ERROR;
				CLANG_WARN_RANGE_LOOP_ANALYSIS = YES;
				CLANG_WARN_STRICT_PROTOTYPES = YES;
				CLANG_WARN_SUSPICIOUS_MOVE = YES;
				CLANG_WARN_UNGUARDED_AVAILABILITY = YES_AGGRESSIVE;
				CLANG_WARN_UNREACHABLE_CODE = YES;
				CLANG_WARN__DUPLICATE_METHOD_MATCH = YES;
				CODE_SIGN_IDENTITY = "iPhone Developer";
				COPY_PHASE_STRIP = NO;
				DEBUG_INFORMATION_FORMAT = "dwarf-with-dsym";
				ENABLE_NS_ASSERTIONS = NO;
				ENABLE_STRICT_OBJC_MSGSEND = YES;
				GCC_C_LANGUAGE_STANDARD = gnu11;
				GCC_NO_COMMON_BLOCKS = YES;
				GCC_WARN_64_TO_32_BIT_CONVERSION = YES;
				GCC_WARN_ABOUT_RETURN_TYPE = YES_ERROR;
				GCC_WARN_UNDECLARED_SELECTOR = YES;
				GCC_WARN_UNINITIALIZED_AUTOS = YES_AGGRESSIVE;
				GCC_WARN_UNUSED_FUNCTION = YES;
				GCC_WARN_UNUSED_VARIABLE = YES;
				IPHONEOS_DEPLOYMENT_TARGET = 12.4;
				MTL_ENABLE_DEBUG_INFO = NO;
				MTL_FAST_MATH = YES;
				SDKROOT = iphoneos;
				SWIFT_COMPILATION_MODE = wholemodule;
				SWIFT_OPTIMIZATION_LEVEL = "-O";
				VALIDATE_PRODUCT = YES;
			};
			name = Release;
		};
		53A2086C22EB637000878F68 /* Debug */ = {
			isa = XCBuildConfiguration;
			buildSettings = {
				ASSETCATALOG_COMPILER_APPICON_NAME = AppIcon;
				CODE_SIGN_STYLE = Automatic;
				DEVELOPMENT_TEAM = 7UUT6QRU26;
				INFOPLIST_FILE = "Test-iOS/Info.plist";
				IPHONEOS_DEPLOYMENT_TARGET = 11.0;
				LD_RUNPATH_SEARCH_PATHS = (
					"$(inherited)",
					"@executable_path/Frameworks",
				);
				PRODUCT_BUNDLE_IDENTIFIER = "br.com.mobile.Test-iOS";
				PRODUCT_NAME = "$(TARGET_NAME)";
				SWIFT_VERSION = 5.0;
				TARGETED_DEVICE_FAMILY = 1;
			};
			name = Debug;
		};
		53A2086D22EB637000878F68 /* Release */ = {
			isa = XCBuildConfiguration;
			buildSettings = {
				ASSETCATALOG_COMPILER_APPICON_NAME = AppIcon;
				CODE_SIGN_STYLE = Automatic;
				DEVELOPMENT_TEAM = 7UUT6QRU26;
				INFOPLIST_FILE = "Test-iOS/Info.plist";
				IPHONEOS_DEPLOYMENT_TARGET = 11.0;
				LD_RUNPATH_SEARCH_PATHS = (
					"$(inherited)",
					"@executable_path/Frameworks",
				);
				PRODUCT_BUNDLE_IDENTIFIER = "br.com.mobile.Test-iOS";
				PRODUCT_NAME = "$(TARGET_NAME)";
				SWIFT_VERSION = 5.0;
				TARGETED_DEVICE_FAMILY = 1;
			};
			name = Release;
		};
		53A2086F22EB637000878F68 /* Debug */ = {
			isa = XCBuildConfiguration;
			buildSettings = {
				ALWAYS_EMBED_SWIFT_STANDARD_LIBRARIES = YES;
				BUNDLE_LOADER = "$(TEST_HOST)";
				CODE_SIGN_STYLE = Automatic;
				DEVELOPMENT_TEAM = 7UUT6QRU26;
				INFOPLIST_FILE = "Test-iOSTests/Info.plist";
				LD_RUNPATH_SEARCH_PATHS = (
					"$(inherited)",
					"@executable_path/Frameworks",
					"@loader_path/Frameworks",
				);
				PRODUCT_BUNDLE_IDENTIFIER = "br.com.mobile.Test-iOSTests";
				PRODUCT_NAME = "$(TARGET_NAME)";
				SWIFT_VERSION = 5.0;
				TARGETED_DEVICE_FAMILY = "1,2";
				TEST_HOST = "$(BUILT_PRODUCTS_DIR)/Test-iOS.app/Test-iOS";
			};
			name = Debug;
		};
		53A2087022EB637000878F68 /* Release */ = {
			isa = XCBuildConfiguration;
			buildSettings = {
				ALWAYS_EMBED_SWIFT_STANDARD_LIBRARIES = YES;
				BUNDLE_LOADER = "$(TEST_HOST)";
				CODE_SIGN_STYLE = Automatic;
				DEVELOPMENT_TEAM = 7UUT6QRU26;
				INFOPLIST_FILE = "Test-iOSTests/Info.plist";
				LD_RUNPATH_SEARCH_PATHS = (
					"$(inherited)",
					"@executable_path/Frameworks",
					"@loader_path/Frameworks",
				);
				PRODUCT_BUNDLE_IDENTIFIER = "br.com.mobile.Test-iOSTests";
				PRODUCT_NAME = "$(TARGET_NAME)";
				SWIFT_VERSION = 5.0;
				TARGETED_DEVICE_FAMILY = "1,2";
				TEST_HOST = "$(BUILT_PRODUCTS_DIR)/Test-iOS.app/Test-iOS";
			};
			name = Release;
		};
/* End XCBuildConfiguration section */

/* Begin XCConfigurationList section */
		53A2084922EB636E00878F68 /* Build configuration list for PBXProject "Test-iOS" */ = {
			isa = XCConfigurationList;
			buildConfigurations = (
				53A2086922EB637000878F68 /* Debug */,
				53A2086A22EB637000878F68 /* Release */,
			);
			defaultConfigurationIsVisible = 0;
			defaultConfigurationName = Release;
		};
		53A2086B22EB637000878F68 /* Build configuration list for PBXNativeTarget "Test-iOS" */ = {
			isa = XCConfigurationList;
			buildConfigurations = (
				53A2086C22EB637000878F68 /* Debug */,
				53A2086D22EB637000878F68 /* Release */,
			);
			defaultConfigurationIsVisible = 0;
			defaultConfigurationName = Release;
		};
		53A2086E22EB637000878F68 /* Build configuration list for PBXNativeTarget "Test-iOSTests" */ = {
			isa = XCConfigurationList;
			buildConfigurations = (
				53A2086F22EB637000878F68 /* Debug */,
				53A2087022EB637000878F68 /* Release */,
			);
			defaultConfigurationIsVisible = 0;
			defaultConfigurationName = Release;
		};
/* End XCConfigurationList section */
	};
	rootObject = 53A2084622EB636E00878F68 /* Project object */;
}
